// !$*UTF8*$!
{
	archiveVersion = 1;
	classes = {
	};
	objectVersion = 56;
	objects = {

/* Begin PBXBuildFile section */
		3950E81929C73CE600407635 /* ViewCommands.swift in Sources */ = {isa = PBXBuildFile; fileRef = 3950E81829C73CE600407635 /* ViewCommands.swift */; };
		3950E81B29C7407E00407635 /* Settings.swift in Sources */ = {isa = PBXBuildFile; fileRef = 3950E81A29C7407E00407635 /* Settings.swift */; };
		3950E81D29C75BBE00407635 /* ContentView.swift in Sources */ = {isa = PBXBuildFile; fileRef = 3950E81C29C75BBE00407635 /* ContentView.swift */; };
		3950E81F29C75BE600407635 /* SidebarView.swift in Sources */ = {isa = PBXBuildFile; fileRef = 3950E81E29C75BE600407635 /* SidebarView.swift */; };
		3950E82129C75EB800407635 /* Media.swift in Sources */ = {isa = PBXBuildFile; fileRef = 3950E82029C75EB800407635 /* Media.swift */; };
		39C8F92E29C653E900EAD3FC /* FileCommands.swift in Sources */ = {isa = PBXBuildFile; fileRef = 39C8F92D29C653E900EAD3FC /* FileCommands.swift */; };
		39C8F93029C6571F00EAD3FC /* DataStore.swift in Sources */ = {isa = PBXBuildFile; fileRef = 39C8F92F29C6571F00EAD3FC /* DataStore.swift */; };
		39C8F93329C6600A00EAD3FC /* LICENSE in Resources */ = {isa = PBXBuildFile; fileRef = 39C8F93229C6600A00EAD3FC /* LICENSE */; };
		39C8F93529C6725D00EAD3FC /* HotKeys.swift in Sources */ = {isa = PBXBuildFile; fileRef = 39C8F93429C6725D00EAD3FC /* HotKeys.swift */; };
		39C8F93B29C67AE900EAD3FC /* GoCommands.swift in Sources */ = {isa = PBXBuildFile; fileRef = 39C8F93A29C67AE900EAD3FC /* GoCommands.swift */; };
		39C8F93D29C6868300EAD3FC /* Extensions.swift in Sources */ = {isa = PBXBuildFile; fileRef = 39C8F93C29C6868200EAD3FC /* Extensions.swift */; };
		39CA963329C6292C0094D2C4 /* GalleriApp.swift in Sources */ = {isa = PBXBuildFile; fileRef = 39CA963229C6292C0094D2C4 /* GalleriApp.swift */; };
		39CA963529C6292C0094D2C4 /* MediaView.swift in Sources */ = {isa = PBXBuildFile; fileRef = 39CA963429C6292C0094D2C4 /* MediaView.swift */; };
		39CA963729C6292D0094D2C4 /* Assets.xcassets in Resources */ = {isa = PBXBuildFile; fileRef = 39CA963629C6292D0094D2C4 /* Assets.xcassets */; };
		39CA963A29C6292D0094D2C4 /* Preview Assets.xcassets in Resources */ = {isa = PBXBuildFile; fileRef = 39CA963929C6292D0094D2C4 /* Preview Assets.xcassets */; };
		39CA964229C63C780094D2C4 /* GalleryView.swift in Sources */ = {isa = PBXBuildFile; fileRef = 39CA964129C63C780094D2C4 /* GalleryView.swift */; };
/* End PBXBuildFile section */

/* Begin PBXFileReference section */
		3950E81829C73CE600407635 /* ViewCommands.swift */ = {isa = PBXFileReference; lastKnownFileType = sourcecode.swift; path = ViewCommands.swift; sourceTree = "<group>"; };
		3950E81A29C7407E00407635 /* Settings.swift */ = {isa = PBXFileReference; lastKnownFileType = sourcecode.swift; path = Settings.swift; sourceTree = "<group>"; };
		3950E81C29C75BBE00407635 /* ContentView.swift */ = {isa = PBXFileReference; lastKnownFileType = sourcecode.swift; path = ContentView.swift; sourceTree = "<group>"; };
		3950E81E29C75BE600407635 /* SidebarView.swift */ = {isa = PBXFileReference; lastKnownFileType = sourcecode.swift; path = SidebarView.swift; sourceTree = "<group>"; };
		3950E82029C75EB800407635 /* Media.swift */ = {isa = PBXFileReference; lastKnownFileType = sourcecode.swift; path = Media.swift; sourceTree = "<group>"; };
		39C8F92D29C653E900EAD3FC /* FileCommands.swift */ = {isa = PBXFileReference; lastKnownFileType = sourcecode.swift; path = FileCommands.swift; sourceTree = "<group>"; };
		39C8F92F29C6571F00EAD3FC /* DataStore.swift */ = {isa = PBXFileReference; lastKnownFileType = sourcecode.swift; path = DataStore.swift; sourceTree = "<group>"; };
		39C8F93129C65FB200EAD3FC /* README.md */ = {isa = PBXFileReference; lastKnownFileType = net.daringfireball.markdown; path = README.md; sourceTree = "<group>"; };
		39C8F93229C6600A00EAD3FC /* LICENSE */ = {isa = PBXFileReference; lastKnownFileType = text; path = LICENSE; sourceTree = "<group>"; };
		39C8F93429C6725D00EAD3FC /* HotKeys.swift */ = {isa = PBXFileReference; lastKnownFileType = sourcecode.swift; path = HotKeys.swift; sourceTree = "<group>"; };
		39C8F93A29C67AE900EAD3FC /* GoCommands.swift */ = {isa = PBXFileReference; lastKnownFileType = sourcecode.swift; path = GoCommands.swift; sourceTree = "<group>"; };
		39C8F93C29C6868200EAD3FC /* Extensions.swift */ = {isa = PBXFileReference; lastKnownFileType = sourcecode.swift; path = Extensions.swift; sourceTree = "<group>"; };
		39C8F93E29C720F200EAD3FC /* Info.plist */ = {isa = PBXFileReference; lastKnownFileType = text.plist; path = Info.plist; sourceTree = "<group>"; };
		39CA962F29C6292B0094D2C4 /* Galleri.app */ = {isa = PBXFileReference; explicitFileType = wrapper.application; includeInIndex = 0; path = Galleri.app; sourceTree = BUILT_PRODUCTS_DIR; };
		39CA963229C6292C0094D2C4 /* GalleriApp.swift */ = {isa = PBXFileReference; lastKnownFileType = sourcecode.swift; path = GalleriApp.swift; sourceTree = "<group>"; };
		39CA963429C6292C0094D2C4 /* MediaView.swift */ = {isa = PBXFileReference; lastKnownFileType = sourcecode.swift; path = MediaView.swift; sourceTree = "<group>"; };
		39CA963629C6292D0094D2C4 /* Assets.xcassets */ = {isa = PBXFileReference; lastKnownFileType = folder.assetcatalog; path = Assets.xcassets; sourceTree = "<group>"; };
		39CA963929C6292D0094D2C4 /* Preview Assets.xcassets */ = {isa = PBXFileReference; lastKnownFileType = folder.assetcatalog; path = "Preview Assets.xcassets"; sourceTree = "<group>"; };
		39CA963B29C6292D0094D2C4 /* Galleri.entitlements */ = {isa = PBXFileReference; lastKnownFileType = text.plist.entitlements; path = Galleri.entitlements; sourceTree = "<group>"; };
		39CA964129C63C780094D2C4 /* GalleryView.swift */ = {isa = PBXFileReference; lastKnownFileType = sourcecode.swift; path = GalleryView.swift; sourceTree = "<group>"; };
/* End PBXFileReference section */

/* Begin PBXFrameworksBuildPhase section */
		39CA962C29C6292B0094D2C4 /* Frameworks */ = {
			isa = PBXFrameworksBuildPhase;
			buildActionMask = 2147483647;
			files = (
			);
			runOnlyForDeploymentPostprocessing = 0;
		};
/* End PBXFrameworksBuildPhase section */

/* Begin PBXGroup section */
		39C8F93629C679AA00EAD3FC /* Views */ = {
			isa = PBXGroup;
			children = (
				3950E81C29C75BBE00407635 /* ContentView.swift */,
				39CA964129C63C780094D2C4 /* GalleryView.swift */,
				39CA963429C6292C0094D2C4 /* MediaView.swift */,
				3950E81E29C75BE600407635 /* SidebarView.swift */,
			);
			path = Views;
			sourceTree = "<group>";
		};
		39C8F93729C679B800EAD3FC /* Lib */ = {
			isa = PBXGroup;
			children = (
				39C8F93429C6725D00EAD3FC /* HotKeys.swift */,
				39C8F93C29C6868200EAD3FC /* Extensions.swift */,
			);
			path = Lib;
			sourceTree = "<group>";
		};
		39C8F93829C679CA00EAD3FC /* Menus */ = {
			isa = PBXGroup;
			children = (
				39C8F92D29C653E900EAD3FC /* FileCommands.swift */,
				39C8F93A29C67AE900EAD3FC /* GoCommands.swift */,
				3950E81829C73CE600407635 /* ViewCommands.swift */,
			);
			path = Menus;
			sourceTree = "<group>";
		};
		39C8F93929C679E300EAD3FC /* Models */ = {
			isa = PBXGroup;
			children = (
				39C8F92F29C6571F00EAD3FC /* DataStore.swift */,
				3950E82029C75EB800407635 /* Media.swift */,
				3950E81A29C7407E00407635 /* Settings.swift */,
			);
			path = Models;
			sourceTree = "<group>";
		};
		39CA962629C6292B0094D2C4 = {
			isa = PBXGroup;
			children = (
				39CA963129C6292B0094D2C4 /* Galleri */,
				39CA963029C6292B0094D2C4 /* Products */,
			);
			sourceTree = "<group>";
		};
		39CA963029C6292B0094D2C4 /* Products */ = {
			isa = PBXGroup;
			children = (
				39CA962F29C6292B0094D2C4 /* Galleri.app */,
			);
			name = Products;
			sourceTree = "<group>";
		};
		39CA963129C6292B0094D2C4 /* Galleri */ = {
			isa = PBXGroup;
			children = (
				39C8F93E29C720F200EAD3FC /* Info.plist */,
				39C8F93729C679B800EAD3FC /* Lib */,
				39C8F93829C679CA00EAD3FC /* Menus */,
				39C8F93929C679E300EAD3FC /* Models */,
				39C8F93629C679AA00EAD3FC /* Views */,
				39CA963229C6292C0094D2C4 /* GalleriApp.swift */,
				39CA963629C6292D0094D2C4 /* Assets.xcassets */,
				39CA963B29C6292D0094D2C4 /* Galleri.entitlements */,
				39CA963829C6292D0094D2C4 /* Preview Content */,
				39C8F93129C65FB200EAD3FC /* README.md */,
				39C8F93229C6600A00EAD3FC /* LICENSE */,
			);
			path = Galleri;
			sourceTree = "<group>";
		};
		39CA963829C6292D0094D2C4 /* Preview Content */ = {
			isa = PBXGroup;
			children = (
				39CA963929C6292D0094D2C4 /* Preview Assets.xcassets */,
			);
			path = "Preview Content";
			sourceTree = "<group>";
		};
/* End PBXGroup section */

/* Begin PBXNativeTarget section */
		39CA962E29C6292B0094D2C4 /* Galleri */ = {
			isa = PBXNativeTarget;
			buildConfigurationList = 39CA963E29C6292D0094D2C4 /* Build configuration list for PBXNativeTarget "Galleri" */;
			buildPhases = (
				39CA962B29C6292B0094D2C4 /* Sources */,
				39CA962C29C6292B0094D2C4 /* Frameworks */,
				39CA962D29C6292B0094D2C4 /* Resources */,
			);
			buildRules = (
			);
			dependencies = (
			);
			name = Galleri;
			productName = Galleri;
			productReference = 39CA962F29C6292B0094D2C4 /* Galleri.app */;
			productType = "com.apple.product-type.application";
		};
/* End PBXNativeTarget section */

/* Begin PBXProject section */
		39CA962729C6292B0094D2C4 /* Project object */ = {
			isa = PBXProject;
			attributes = {
				BuildIndependentTargetsInParallel = 1;
				LastSwiftUpdateCheck = 1420;
				LastUpgradeCheck = 1420;
				TargetAttributes = {
					39CA962E29C6292B0094D2C4 = {
						CreatedOnToolsVersion = 14.2;
					};
				};
			};
			buildConfigurationList = 39CA962A29C6292B0094D2C4 /* Build configuration list for PBXProject "Galleri" */;
			compatibilityVersion = "Xcode 14.0";
			developmentRegion = en;
			hasScannedForEncodings = 0;
			knownRegions = (
				en,
				Base,
			);
			mainGroup = 39CA962629C6292B0094D2C4;
			productRefGroup = 39CA963029C6292B0094D2C4 /* Products */;
			projectDirPath = "";
			projectRoot = "";
			targets = (
				39CA962E29C6292B0094D2C4 /* Galleri */,
			);
		};
/* End PBXProject section */

/* Begin PBXResourcesBuildPhase section */
		39CA962D29C6292B0094D2C4 /* Resources */ = {
			isa = PBXResourcesBuildPhase;
			buildActionMask = 2147483647;
			files = (
				39C8F93329C6600A00EAD3FC /* LICENSE in Resources */,
				39CA963A29C6292D0094D2C4 /* Preview Assets.xcassets in Resources */,
				39CA963729C6292D0094D2C4 /* Assets.xcassets in Resources */,
			);
			runOnlyForDeploymentPostprocessing = 0;
		};
/* End PBXResourcesBuildPhase section */

/* Begin PBXSourcesBuildPhase section */
		39CA962B29C6292B0094D2C4 /* Sources */ = {
			isa = PBXSourcesBuildPhase;
			buildActionMask = 2147483647;
			files = (
				3950E81B29C7407E00407635 /* Settings.swift in Sources */,
				3950E81D29C75BBE00407635 /* ContentView.swift in Sources */,
				39C8F93029C6571F00EAD3FC /* DataStore.swift in Sources */,
				39CA963529C6292C0094D2C4 /* MediaView.swift in Sources */,
				3950E81929C73CE600407635 /* ViewCommands.swift in Sources */,
				3950E81F29C75BE600407635 /* SidebarView.swift in Sources */,
				39CA964229C63C780094D2C4 /* GalleryView.swift in Sources */,
				39C8F93D29C6868300EAD3FC /* Extensions.swift in Sources */,
				39CA963329C6292C0094D2C4 /* GalleriApp.swift in Sources */,
				39C8F92E29C653E900EAD3FC /* FileCommands.swift in Sources */,
				3950E82129C75EB800407635 /* Media.swift in Sources */,
				39C8F93529C6725D00EAD3FC /* HotKeys.swift in Sources */,
				39C8F93B29C67AE900EAD3FC /* GoCommands.swift in Sources */,
			);
			runOnlyForDeploymentPostprocessing = 0;
		};
/* End PBXSourcesBuildPhase section */

/* Begin XCBuildConfiguration section */
		39CA963C29C6292D0094D2C4 /* Debug */ = {
			isa = XCBuildConfiguration;
			buildSettings = {
				ALWAYS_SEARCH_USER_PATHS = NO;
				CLANG_ANALYZER_NONNULL = YES;
				CLANG_ANALYZER_NUMBER_OBJECT_CONVERSION = YES_AGGRESSIVE;
				CLANG_CXX_LANGUAGE_STANDARD = "gnu++20";
				CLANG_ENABLE_MODULES = YES;
				CLANG_ENABLE_OBJC_ARC = YES;
				CLANG_ENABLE_OBJC_WEAK = YES;
				CLANG_WARN_BLOCK_CAPTURE_AUTORELEASING = YES;
				CLANG_WARN_BOOL_CONVERSION = YES;
				CLANG_WARN_COMMA = YES;
				CLANG_WARN_CONSTANT_CONVERSION = YES;
				CLANG_WARN_DEPRECATED_OBJC_IMPLEMENTATIONS = YES;
				CLANG_WARN_DIRECT_OBJC_ISA_USAGE = YES_ERROR;
				CLANG_WARN_DOCUMENTATION_COMMENTS = YES;
				CLANG_WARN_EMPTY_BODY = YES;
				CLANG_WARN_ENUM_CONVERSION = YES;
				CLANG_WARN_INFINITE_RECURSION = YES;
				CLANG_WARN_INT_CONVERSION = YES;
				CLANG_WARN_NON_LITERAL_NULL_CONVERSION = YES;
				CLANG_WARN_OBJC_IMPLICIT_RETAIN_SELF = YES;
				CLANG_WARN_OBJC_LITERAL_CONVERSION = YES;
				CLANG_WARN_OBJC_ROOT_CLASS = YES_ERROR;
				CLANG_WARN_QUOTED_INCLUDE_IN_FRAMEWORK_HEADER = YES;
				CLANG_WARN_RANGE_LOOP_ANALYSIS = YES;
				CLANG_WARN_STRICT_PROTOTYPES = YES;
				CLANG_WARN_SUSPICIOUS_MOVE = YES;
				CLANG_WARN_UNGUARDED_AVAILABILITY = YES_AGGRESSIVE;
				CLANG_WARN_UNREACHABLE_CODE = YES;
				CLANG_WARN__DUPLICATE_METHOD_MATCH = YES;
				COPY_PHASE_STRIP = NO;
				DEBUG_INFORMATION_FORMAT = dwarf;
				ENABLE_STRICT_OBJC_MSGSEND = YES;
				ENABLE_TESTABILITY = YES;
				GCC_C_LANGUAGE_STANDARD = gnu11;
				GCC_DYNAMIC_NO_PIC = NO;
				GCC_NO_COMMON_BLOCKS = YES;
				GCC_OPTIMIZATION_LEVEL = 0;
				GCC_PREPROCESSOR_DEFINITIONS = (
					"DEBUG=1",
					"$(inherited)",
				);
				GCC_WARN_64_TO_32_BIT_CONVERSION = YES;
				GCC_WARN_ABOUT_RETURN_TYPE = YES_ERROR;
				GCC_WARN_UNDECLARED_SELECTOR = YES;
				GCC_WARN_UNINITIALIZED_AUTOS = YES_AGGRESSIVE;
				GCC_WARN_UNUSED_FUNCTION = YES;
				GCC_WARN_UNUSED_VARIABLE = YES;
				MACOSX_DEPLOYMENT_TARGET = 13.1;
				MTL_ENABLE_DEBUG_INFO = INCLUDE_SOURCE;
				MTL_FAST_MATH = YES;
				ONLY_ACTIVE_ARCH = YES;
				SDKROOT = macosx;
				SWIFT_ACTIVE_COMPILATION_CONDITIONS = DEBUG;
				SWIFT_OPTIMIZATION_LEVEL = "-Onone";
			};
			name = Debug;
		};
		39CA963D29C6292D0094D2C4 /* Release */ = {
			isa = XCBuildConfiguration;
			buildSettings = {
				ALWAYS_SEARCH_USER_PATHS = NO;
				CLANG_ANALYZER_NONNULL = YES;
				CLANG_ANALYZER_NUMBER_OBJECT_CONVERSION = YES_AGGRESSIVE;
				CLANG_CXX_LANGUAGE_STANDARD = "gnu++20";
				CLANG_ENABLE_MODULES = YES;
				CLANG_ENABLE_OBJC_ARC = YES;
				CLANG_ENABLE_OBJC_WEAK = YES;
				CLANG_WARN_BLOCK_CAPTURE_AUTORELEASING = YES;
				CLANG_WARN_BOOL_CONVERSION = YES;
				CLANG_WARN_COMMA = YES;
				CLANG_WARN_CONSTANT_CONVERSION = YES;
				CLANG_WARN_DEPRECATED_OBJC_IMPLEMENTATIONS = YES;
				CLANG_WARN_DIRECT_OBJC_ISA_USAGE = YES_ERROR;
				CLANG_WARN_DOCUMENTATION_COMMENTS = YES;
				CLANG_WARN_EMPTY_BODY = YES;
				CLANG_WARN_ENUM_CONVERSION = YES;
				CLANG_WARN_INFINITE_RECURSION = YES;
				CLANG_WARN_INT_CONVERSION = YES;
				CLANG_WARN_NON_LITERAL_NULL_CONVERSION = YES;
				CLANG_WARN_OBJC_IMPLICIT_RETAIN_SELF = YES;
				CLANG_WARN_OBJC_LITERAL_CONVERSION = YES;
				CLANG_WARN_OBJC_ROOT_CLASS = YES_ERROR;
				CLANG_WARN_QUOTED_INCLUDE_IN_FRAMEWORK_HEADER = YES;
				CLANG_WARN_RANGE_LOOP_ANALYSIS = YES;
				CLANG_WARN_STRICT_PROTOTYPES = YES;
				CLANG_WARN_SUSPICIOUS_MOVE = YES;
				CLANG_WARN_UNGUARDED_AVAILABILITY = YES_AGGRESSIVE;
				CLANG_WARN_UNREACHABLE_CODE = YES;
				CLANG_WARN__DUPLICATE_METHOD_MATCH = YES;
				COPY_PHASE_STRIP = NO;
				DEBUG_INFORMATION_FORMAT = "dwarf-with-dsym";
				ENABLE_NS_ASSERTIONS = NO;
				ENABLE_STRICT_OBJC_MSGSEND = YES;
				GCC_C_LANGUAGE_STANDARD = gnu11;
				GCC_NO_COMMON_BLOCKS = YES;
				GCC_WARN_64_TO_32_BIT_CONVERSION = YES;
				GCC_WARN_ABOUT_RETURN_TYPE = YES_ERROR;
				GCC_WARN_UNDECLARED_SELECTOR = YES;
				GCC_WARN_UNINITIALIZED_AUTOS = YES_AGGRESSIVE;
				GCC_WARN_UNUSED_FUNCTION = YES;
				GCC_WARN_UNUSED_VARIABLE = YES;
				MACOSX_DEPLOYMENT_TARGET = 13.1;
				MTL_ENABLE_DEBUG_INFO = NO;
				MTL_FAST_MATH = YES;
				SDKROOT = macosx;
				SWIFT_COMPILATION_MODE = wholemodule;
				SWIFT_OPTIMIZATION_LEVEL = "-O";
			};
			name = Release;
		};
		39CA963F29C6292D0094D2C4 /* Debug */ = {
			isa = XCBuildConfiguration;
			buildSettings = {
				ASSETCATALOG_COMPILER_APPICON_NAME = AppIcon;
				ASSETCATALOG_COMPILER_GLOBAL_ACCENT_COLOR_NAME = AccentColor;
				CODE_SIGN_ENTITLEMENTS = Galleri/Galleri.entitlements;
				CODE_SIGN_STYLE = Automatic;
				COMBINE_HIDPI_IMAGES = YES;
				CURRENT_PROJECT_VERSION = 1;
				DEVELOPMENT_ASSET_PATHS = "\"Galleri/Preview Content\"";
				DEVELOPMENT_TEAM = 49286ETHF3;
				ENABLE_HARDENED_RUNTIME = YES;
				ENABLE_PREVIEWS = YES;
				GENERATE_INFOPLIST_FILE = YES;
				INFOPLIST_FILE = Galleri/Info.plist;
				INFOPLIST_KEY_NSHumanReadableCopyright = "";
				LD_RUNPATH_SEARCH_PATHS = (
					"$(inherited)",
					"@executable_path/../Frameworks",
				);
				MARKETING_VERSION = 1.0;
				PRODUCT_BUNDLE_IDENTIFIER = com.michaelenger.Galleri;
				PRODUCT_NAME = "$(TARGET_NAME)";
				SWIFT_EMIT_LOC_STRINGS = YES;
				SWIFT_VERSION = 5.0;
			};
			name = Debug;
		};
		39CA964029C6292D0094D2C4 /* Release */ = {
			isa = XCBuildConfiguration;
			buildSettings = {
				ASSETCATALOG_COMPILER_APPICON_NAME = AppIcon;
				ASSETCATALOG_COMPILER_GLOBAL_ACCENT_COLOR_NAME = AccentColor;
				CODE_SIGN_ENTITLEMENTS = Galleri/Galleri.entitlements;
				CODE_SIGN_STYLE = Automatic;
				COMBINE_HIDPI_IMAGES = YES;
				CURRENT_PROJECT_VERSION = 1;
				DEVELOPMENT_ASSET_PATHS = "\"Galleri/Preview Content\"";
				DEVELOPMENT_TEAM = 49286ETHF3;
				ENABLE_HARDENED_RUNTIME = YES;
				ENABLE_PREVIEWS = YES;
				GENERATE_INFOPLIST_FILE = YES;
				INFOPLIST_FILE = Galleri/Info.plist;
				INFOPLIST_KEY_NSHumanReadableCopyright = "";
				LD_RUNPATH_SEARCH_PATHS = (
					"$(inherited)",
					"@executable_path/../Frameworks",
				);
				MARKETING_VERSION = 1.0;
				PRODUCT_BUNDLE_IDENTIFIER = com.michaelenger.Galleri;
				PRODUCT_NAME = "$(TARGET_NAME)";
				SWIFT_EMIT_LOC_STRINGS = YES;
				SWIFT_VERSION = 5.0;
			};
			name = Release;
		};
/* End XCBuildConfiguration section */

/* Begin XCConfigurationList section */
		39CA962A29C6292B0094D2C4 /* Build configuration list for PBXProject "Galleri" */ = {
			isa = XCConfigurationList;
			buildConfigurations = (
				39CA963C29C6292D0094D2C4 /* Debug */,
				39CA963D29C6292D0094D2C4 /* Release */,
			);
			defaultConfigurationIsVisible = 0;
			defaultConfigurationName = Release;
		};
		39CA963E29C6292D0094D2C4 /* Build configuration list for PBXNativeTarget "Galleri" */ = {
			isa = XCConfigurationList;
			buildConfigurations = (
				39CA963F29C6292D0094D2C4 /* Debug */,
				39CA964029C6292D0094D2C4 /* Release */,
			);
			defaultConfigurationIsVisible = 0;
			defaultConfigurationName = Release;
		};
/* End XCConfigurationList section */
	};
	rootObject = 39CA962729C6292B0094D2C4 /* Project object */;
}
